{
  "name": "dsh-mattpocock-skills-deck",
  "version": "1.7.46",
  "lockfileVersion": 3,
  "requires": true,
  "packages": {
    "": {
      "name": "dsh-mattpocock-skills-deck",
      "version": "1.7.46",
      "license": "MIT",
      "dependencies": {
        "dsh-plugin-update": "^0.8.0"
      },
      "engines": {
        "dsh": ">=0.2.0-rc.2"
      }
    },
    "node_modules/dsh-plugin-update": {
      "version": "0.8.0",
      "resolved": "https://registry.npmmirror.com/dsh-plugin-update/-/dsh-plugin-update-0.8.0.tgz",
      "integrity": "sha512-S3c4NBHvbnYBzvEFy5nLrxiPS3ROWrdVCOmAhvBUDfdFWpJAoEqSjL7QIjJAQ3SvGNetZRVWkZ9WEs97kAkpHg==",
      "license": "MIT",
      "engines": {
        "node": ">=22"
      }
    }
  }
}
