{
  "name": "dsh-mattpocock-skills-deck",
  "version": "1.7.47",
  "lockfileVersion": 3,
  "requires": true,
  "packages": {
    "": {
      "name": "dsh-mattpocock-skills-deck",
      "version": "1.7.47",
      "license": "MIT",
      "dependencies": {
        "dsh-plugin-update": "^0.9.0"
      },
      "engines": {
        "dsh": ">=0.2.0-rc.2"
      }
    },
    "node_modules/dsh-plugin-update": {
      "version": "0.9.0",
      "resolved": "https://registry.npmmirror.com/dsh-plugin-update/-/dsh-plugin-update-0.9.0.tgz",
      "integrity": "sha512-z0K3Q1j1+Ud8tjIvacmUo0Ns49P/U+9/5qlRiyaR6RqnGTPATGejcJrhZCWeeT5GcLudgRmv04h3P1LNbb1ayg==",
      "license": "MIT",
      "engines": {
        "node": ">=22"
      }
    }
  }
}
